// !$*UTF8*$!
{
	archiveVersion = 1;
	classes = {
	};
	objectVersion = 39;
	objects = {
		014CEA3E0018CDD111CA2923 = {
			explicitFileType = wrapper.cfbundle;
			isa = PBXFileReference;
			path = cgame.bundle;
			refType = 3;
			sourceTree = BUILT_PRODUCTS_DIR;
		};
		014CEA3F0018CDD111CA2923 = {
			buildSettings = {
				COPY_PHASE_STRIP = NO;
				GCC_DYNAMIC_NO_PIC = NO;
				GCC_ENABLE_FIX_AND_CONTINUE = YES;
				GCC_GENERATE_DEBUGGING_SYMBOLS = YES;
				GCC_OPTIMIZATION_LEVEL = 0;
				OPTIMIZATION_CFLAGS = "-O0";
				ZERO_LINK = YES;
			};
			isa = PBXBuildStyle;
			name = Development;
		};
		014CEA400018CDD111CA2923 = {
			buildSettings = {
				COPY_PHASE_STRIP = YES;
				GCC_ENABLE_FIX_AND_CONTINUE = NO;
				ZERO_LINK = NO;
			};
			isa = PBXBuildStyle;
			name = Deployment;
		};
//010
//011
//012
//013
//014
//080
//081
//082
//083
//084
		089C1669FE841209C02AAC07 = {
			buildSettings = {
			};
			buildStyles = (
				014CEA3F0018CDD111CA2923,
				014CEA400018CDD111CA2923,
			);
			hasScannedForEncodings = 1;
			isa = PBXProject;
			mainGroup = 089C166AFE841209C02AAC07;
			projectDirPath = "";
			targets = (
				089C1673FE841209C02AAC07,
			);
		};
		089C166AFE841209C02AAC07 = {
			children = (
				08FB77AFFE84173DC02AAC07,
				F5C12684034158F301A80169,
				F5C126980341598B01A80169,
				089C167CFE841241C02AAC07,
				089C1671FE841209C02AAC07,
				19C28FB6FE9D52B211CA2CBB,
			);
			isa = PBXGroup;
			name = cgame;
			refType = 4;
			sourceTree = "<group>";
		};
		089C1671FE841209C02AAC07 = {
			children = (
				0AA1909FFE8422F4C02AAC07,
			);
			isa = PBXGroup;
			name = "External Frameworks and Libraries";
			refType = 4;
			sourceTree = "<group>";
		};
		089C1673FE841209C02AAC07 = {
			buildPhases = (
				089C1674FE841209C02AAC07,
				089C1675FE841209C02AAC07,
				089C1676FE841209C02AAC07,
				089C1677FE841209C02AAC07,
				089C1679FE841209C02AAC07,
			);
			buildSettings = {
				FRAMEWORK_SEARCH_PATHS = "";
				HEADER_SEARCH_PATHS = "";
				LIBRARY_SEARCH_PATHS = "";
				OTHER_LDFLAGS = "";
				OTHER_REZFLAGS = "";
				PREFIX_HEADER = MacPrefix_cgame.h;
				PRODUCT_NAME = cgame;
				SECTORDER_FLAGS = "";
				WARNING_CFLAGS = "-Wmost -Wno-four-char-constants -Wno-unknown-pragmas";
				WRAPPER_EXTENSION = bundle;
			};
			dependencies = (
			);
			isa = PBXBundleTarget;
			name = cgame;
			productName = cgame;
			productReference = 014CEA3E0018CDD111CA2923;
			productSettingsXML = "<?xml version=\"1.0\" encoding=\"UTF-8\"?>
<!DOCTYPE plist PUBLIC \"-//Apple Computer//DTD PLIST 1.0//EN\" \"http://www.apple.com/DTDs/PropertyList-1.0.dtd\">
<plist version=\"1.0\">
<dict>
	<key>CFBundleDevelopmentRegion</key>
	<string>English</string>
	<key>CFBundleExecutable</key>
	<string>cgame</string>
	<key>CFBundleIconFile</key>
	<string></string>
	<key>CFBundleIdentifier</key>
	<string></string>
	<key>CFBundleInfoDictionaryVersion</key>
	<string>6.0</string>
	<key>CFBundleName</key>
	<string>cgame</string>
	<key>CFBundlePackageType</key>
	<string>BNDL</string>
	<key>CFBundleShortVersionString</key>
	<string>1.03a</string>
	<key>CFBundleSignature</key>
	<string>JK2m</string>
	<key>CFBundleVersion</key>
	<string>1.03a</string>
	<key>CFPlugInDynamicRegisterFunction</key>
	<string></string>
	<key>CFPlugInDynamicRegistration</key>
	<string>NO</string>
	<key>CFPlugInFactories</key>
	<dict>
		<key>00000000-0000-0000-0000-000000000000</key>
		<string>MyFactoryFunction</string>
	</dict>
	<key>CFPlugInTypes</key>
	<dict>
		<key>00000000-0000-0000-0000-000000000000</key>
		<array>
			<string>00000000-0000-0000-0000-000000000000</string>
		</array>
	</dict>
	<key>CFPlugInUnloadFunction</key>
	<string></string>
</dict>
</plist>
";
		};
		089C1674FE841209C02AAC07 = {
			buildActionMask = 2147483647;
			files = (
			);
			isa = PBXHeadersBuildPhase;
			runOnlyForDeploymentPostprocessing = 0;
		};
		089C1675FE841209C02AAC07 = {
			buildActionMask = 2147483647;
			files = (
				089C1680FE841241C02AAC07,
			);
			isa = PBXResourcesBuildPhase;
			runOnlyForDeploymentPostprocessing = 0;
		};
		089C1676FE841209C02AAC07 = {
			buildActionMask = 2147483647;
			files = (
				F5C1265C0341580101A80169,
				F5C1265D0341580101A80169,
				F5C1265E0341580101A80169,
				F5C1265F0341580101A80169,
				F5C126600341580101A80169,
				F5C126610341580101A80169,
				F5C126630341580101A80169,
				F5C126640341580101A80169,
				F5C126660341580101A80169,
				F5C126670341580101A80169,
				F5C126680341580101A80169,
				F5C1266B0341580101A80169,
				F5C1266C0341580101A80169,
				F5C1266D0341580101A80169,
				F5C1266F0341580101A80169,
				F5C126700341580101A80169,
				F5C126710341580101A80169,
				F5C126720341580101A80169,
				F5C126730341580101A80169,
				F5C126740341580101A80169,
				F5C126750341580101A80169,
				F5C126760341580101A80169,
				F5C126770341580101A80169,
				F5C126780341580101A80169,
				F5C126790341580101A80169,
				F5C1267A0341580101A80169,
				F5C1267B0341580101A80169,
				F5C1267C0341580101A80169,
				F5C1267D0341580101A80169,
				F5C1267E0341580101A80169,
				F5C1267F0341580101A80169,
				F5C126810341580101A80169,
				F5C126830341580101A80169,
				F5C1268D0341593B01A80169,
				F5C1268E0341593B01A80169,
				F5C1268F0341593B01A80169,
				F5C126900341593B01A80169,
				F5C126910341593B01A80169,
				F5C126920341593B01A80169,
				F5C126930341593B01A80169,
				F5C126960341595F01A80169,
				F5C126970341595F01A80169,
				F5C1269A0341599F01A80169,
				F5B88BB6066ECC2700A08EB6,
				F5B88BB7066ECC2700A08EB6,
				F5B88BB8066ECC2700A08EB6,
				F5B88BB9066ECC2700A08EB6,
				F5B88BBA066ECC2700A08EB6,
				F5B88BBE066ECC5600A08EB6,
				F5B88BBF066ECC5600A08EB6,
				F5B88BC0066ECC5600A08EB6,
				F5B88BC2066ECC9C00A08EB6,
			);
			isa = PBXSourcesBuildPhase;
			runOnlyForDeploymentPostprocessing = 0;
		};
		089C1677FE841209C02AAC07 = {
			buildActionMask = 2147483647;
			files = (
				F5D461E10341868601A80169,
			);
			isa = PBXFrameworksBuildPhase;
			runOnlyForDeploymentPostprocessing = 0;
		};
		089C1679FE841209C02AAC07 = {
			buildActionMask = 2147483647;
			files = (
			);
			isa = PBXRezBuildPhase;
			runOnlyForDeploymentPostprocessing = 0;
		};
		089C167CFE841241C02AAC07 = {
			children = (
				089C167DFE841241C02AAC07,
			);
			isa = PBXGroup;
			name = Resources;
			refType = 4;
			sourceTree = "<group>";
		};
		089C167DFE841241C02AAC07 = {
			children = (
				089C167EFE841241C02AAC07,
			);
			isa = PBXVariantGroup;
			name = InfoPlist.strings;
			refType = 4;
			sourceTree = "<group>";
		};
		089C167EFE841241C02AAC07 = {
			fileEncoding = 10;
			isa = PBXFileReference;
			lastKnownFileType = text.plist.strings;
			name = English;
			path = English.lproj/InfoPlist.strings;
			refType = 4;
			sourceTree = "<group>";
		};
		089C1680FE841241C02AAC07 = {
			fileRef = 089C167DFE841241C02AAC07;
			isa = PBXBuildFile;
			settings = {
			};
		};
		08FB77AFFE84173DC02AAC07 = {
			children = (
				F5C126490341580101A80169,
				F5C126480341580101A80169,
				F5C126470341580101A80169,
				F5C126360341580101A80169,
				F5C126460341580101A80169,
				F5C126350341580101A80169,
				F5C126340341580101A80169,
				F5C126330341580101A80169,
				F5C126440341580101A80169,
				F5C126430341580101A80169,
				F5C126420341580101A80169,
				F5C1263B0341580101A80169,
				F5C1264A0341580101A80169,
				F5C1263A0341580101A80169,
				F5C1263D0341580101A80169,
				F5C126370341580101A80169,
				F5C126380341580101A80169,
				F5C1264B0341580101A80169,
				F5C1263F0341580101A80169,
				F5B88BC1066ECC9C00A08EB6,
				F5C1263E0341580101A80169,
				F5C126560341580101A80169,
				F5C126530341580101A80169,
				F5C126520341580101A80169,
				F5C126510341580101A80169,
				F5C126500341580101A80169,
				F5C126550341580101A80169,
				F5C126540341580101A80169,
				F5C1264F0341580101A80169,
				F5C1264E0341580101A80169,
				F5C1264D0341580101A80169,
				F5C1264C0341580101A80169,
				F5C1265A0341580101A80169,
				F5C126580341580101A80169,
			);
			isa = PBXGroup;
			name = cgame;
			refType = 4;
			sourceTree = "<group>";
		};
//080
//081
//082
//083
//084
//0A0
//0A1
//0A2
//0A3
//0A4
		0AA1909FFE8422F4C02AAC07 = {
			isa = PBXFileReference;
			lastKnownFileType = wrapper.framework;
			name = CoreFoundation.framework;
			path = /System/Library/Frameworks/CoreFoundation.framework;
			refType = 0;
			sourceTree = "<absolute>";
		};
//0A0
//0A1
//0A2
//0A3
//0A4
//190
//191
//192
//193
//194
		19C28FB6FE9D52B211CA2CBB = {
			children = (
				014CEA3E0018CDD111CA2923,
			);
			isa = PBXGroup;
			name = Products;
			refType = 4;
			sourceTree = "<group>";
		};
//190
//191
//192
//193
//194
//F50
//F51
//F52
//F53
//F54
		F5B88BB1066ECC2700A08EB6 = {
			fileEncoding = 30;
			isa = PBXFileReference;
			lastKnownFileType = sourcecode.c.c;
			name = bg_g2_utils.c;
			path = game/bg_g2_utils.c;
			refType = 4;
			sourceTree = "<group>";
		};
		F5B88BB2066ECC2700A08EB6 = {
			fileEncoding = 30;
			isa = PBXFileReference;
			lastKnownFileType = sourcecode.c.c;
			name = WalkerNPC.c;
			path = game/WalkerNPC.c;
			refType = 4;
			sourceTree = "<group>";
		};
		F5B88BB3066ECC2700A08EB6 = {
			fileEncoding = 30;
			isa = PBXFileReference;
			lastKnownFileType = sourcecode.c.c;
			name = FighterNPC.c;
			path = game/FighterNPC.c;
			refType = 4;
			sourceTree = "<group>";
		};
		F5B88BB4066ECC2700A08EB6 = {
			fileEncoding = 30;
			isa = PBXFileReference;
			lastKnownFileType = sourcecode.c.c;
			name = SpeederNPC.c;
			path = game/SpeederNPC.c;
			refType = 4;
			sourceTree = "<group>";
		};
		F5B88BB5066ECC2700A08EB6 = {
			fileEncoding = 30;
			isa = PBXFileReference;
			lastKnownFileType = sourcecode.c.c;
			name = AnimalNPC.c;
			path = game/AnimalNPC.c;
			refType = 4;
			sourceTree = "<group>";
		};
		F5B88BB6066ECC2700A08EB6 = {
			fileRef = F5B88BB1066ECC2700A08EB6;
			isa = PBXBuildFile;
			settings = {
			};
		};
		F5B88BB7066ECC2700A08EB6 = {
			fileRef = F5B88BB2066ECC2700A08EB6;
			isa = PBXBuildFile;
			settings = {
			};
		};
		F5B88BB8066ECC2700A08EB6 = {
			fileRef = F5B88BB3066ECC2700A08EB6;
			isa = PBXBuildFile;
			settings = {
			};
		};
		F5B88BB9066ECC2700A08EB6 = {
			fileRef = F5B88BB4066ECC2700A08EB6;
			isa = PBXBuildFile;
			settings = {
			};
		};
		F5B88BBA066ECC2700A08EB6 = {
			fileRef = F5B88BB5066ECC2700A08EB6;
			isa = PBXBuildFile;
			settings = {
			};
		};
		F5B88BBB066ECC5600A08EB6 = {
			fileEncoding = 30;
			isa = PBXFileReference;
			lastKnownFileType = sourcecode.c.c;
			name = bg_vehicleLoad.c;
			path = game/bg_vehicleLoad.c;
			refType = 4;
			sourceTree = "<group>";
		};
		F5B88BBC066ECC5600A08EB6 = {
			fileEncoding = 30;
			isa = PBXFileReference;
			lastKnownFileType = sourcecode.c.c;
			name = bg_saga.c;
			path = game/bg_saga.c;
			refType = 4;
			sourceTree = "<group>";
		};
		F5B88BBD066ECC5600A08EB6 = {
			fileEncoding = 30;
			isa = PBXFileReference;
			lastKnownFileType = sourcecode.c.c;
			name = bg_saberLoad.c;
			path = game/bg_saberLoad.c;
			refType = 4;
			sourceTree = "<group>";
		};
		F5B88BBE066ECC5600A08EB6 = {
			fileRef = F5B88BBB066ECC5600A08EB6;
			isa = PBXBuildFile;
			settings = {
			};
		};
		F5B88BBF066ECC5600A08EB6 = {
			fileRef = F5B88BBC066ECC5600A08EB6;
			isa = PBXBuildFile;
			settings = {
			};
		};
		F5B88BC0066ECC5600A08EB6 = {
			fileRef = F5B88BBD066ECC5600A08EB6;
			isa = PBXBuildFile;
			settings = {
			};
		};
		F5B88BC1066ECC9C00A08EB6 = {
			fileEncoding = 30;
			isa = PBXFileReference;
			lastKnownFileType = sourcecode.c.c;
			name = cg_strap.c;
			path = cgame/cg_strap.c;
			refType = 4;
			sourceTree = "<group>";
		};
		F5B88BC2066ECC9C00A08EB6 = {
			fileRef = F5B88BC1066ECC9C00A08EB6;
			isa = PBXBuildFile;
			settings = {
			};
		};
		F5C126330341580101A80169 = {
			fileEncoding = 30;
			isa = PBXFileReference;
			lastKnownFileType = sourcecode.c.c;
			name = cg_light.c;
			path = cgame/cg_light.c;
			refType = 4;
			sourceTree = "<group>";
		};
		F5C126340341580101A80169 = {
			fileEncoding = 30;
			isa = PBXFileReference;
			lastKnownFileType = sourcecode.c.c;
			name = cg_info.c;
			path = cgame/cg_info.c;
			refType = 4;
			sourceTree = "<group>";
		};
		F5C126350341580101A80169 = {
			fileEncoding = 30;
			isa = PBXFileReference;
			lastKnownFileType = sourcecode.c.c;
			name = cg_event.c;
			path = cgame/cg_event.c;
			refType = 4;
			sourceTree = "<group>";
		};
		F5C126360341580101A80169 = {
			fileEncoding = 30;
			isa = PBXFileReference;
			lastKnownFileType = sourcecode.c.c;
			name = cg_effects.c;
			path = cgame/cg_effects.c;
			refType = 4;
			sourceTree = "<group>";
		};
		F5C126370341580101A80169 = {
			fileEncoding = 30;
			isa = PBXFileReference;
			lastKnownFileType = sourcecode.c.c;
			name = cg_saga.c;
			path = cgame/cg_saga.c;
			refType = 4;
			sourceTree = "<group>";
		};
		F5C126380341580101A80169 = {
			fileEncoding = 30;
			isa = PBXFileReference;
			lastKnownFileType = sourcecode.c.c;
			name = cg_scoreboard.c;
			path = cgame/cg_scoreboard.c;
			refType = 4;
			sourceTree = "<group>";
		};
		F5C1263A0341580101A80169 = {
			fileEncoding = 30;
			isa = PBXFileReference;
			lastKnownFileType = sourcecode.c.c;
			name = cg_playerstate.c;
			path = cgame/cg_playerstate.c;
			refType = 4;
			sourceTree = "<group>";
		};
		F5C1263B0341580101A80169 = {
			fileEncoding = 30;
			isa = PBXFileReference;
			lastKnownFileType = sourcecode.c.c;
			name = cg_newDraw.c;
			path = cgame/cg_newDraw.c;
			refType = 4;
			sourceTree = "<group>";
		};
		F5C1263D0341580101A80169 = {
			fileEncoding = 30;
			isa = PBXFileReference;
			lastKnownFileType = sourcecode.c.c;
			name = cg_predict.c;
			path = cgame/cg_predict.c;
			refType = 4;
			sourceTree = "<group>";
		};
		F5C1263E0341580101A80169 = {
			fileEncoding = 30;
			isa = PBXFileReference;
			lastKnownFileType = sourcecode.c.c;
			name = cg_syscalls.c;
			path = cgame/cg_syscalls.c;
			refType = 4;
			sourceTree = "<group>";
		};
		F5C1263F0341580101A80169 = {
			fileEncoding = 30;
			isa = PBXFileReference;
			lastKnownFileType = sourcecode.c.c;
			name = cg_snapshot.c;
			path = cgame/cg_snapshot.c;
			refType = 4;
			sourceTree = "<group>";
		};
		F5C126420341580101A80169 = {
			fileEncoding = 30;
			isa = PBXFileReference;
			lastKnownFileType = sourcecode.c.c;
			name = cg_marks.c;
			path = cgame/cg_marks.c;
			refType = 4;
			sourceTree = "<group>";
		};
		F5C126430341580101A80169 = {
			fileEncoding = 30;
			isa = PBXFileReference;
			lastKnownFileType = sourcecode.c.c;
			name = cg_main.c;
			path = cgame/cg_main.c;
			refType = 4;
			sourceTree = "<group>";
		};
		F5C126440341580101A80169 = {
			fileEncoding = 30;
			isa = PBXFileReference;
			lastKnownFileType = sourcecode.c.c;
			name = cg_localents.c;
			path = cgame/cg_localents.c;
			refType = 4;
			sourceTree = "<group>";
		};
		F5C126460341580101A80169 = {
			fileEncoding = 30;
			isa = PBXFileReference;
			lastKnownFileType = sourcecode.c.c;
			name = cg_ents.c;
			path = cgame/cg_ents.c;
			refType = 4;
			sourceTree = "<group>";
		};
		F5C126470341580101A80169 = {
			fileEncoding = 30;
			isa = PBXFileReference;
			lastKnownFileType = sourcecode.c.c;
			name = cg_drawtools.c;
			path = cgame/cg_drawtools.c;
			refType = 4;
			sourceTree = "<group>";
		};
		F5C126480341580101A80169 = {
			fileEncoding = 30;
			isa = PBXFileReference;
			lastKnownFileType = sourcecode.c.c;
			name = cg_draw.c;
			path = cgame/cg_draw.c;
			refType = 4;
			sourceTree = "<group>";
		};
		F5C126490341580101A80169 = {
			fileEncoding = 30;
			isa = PBXFileReference;
			lastKnownFileType = sourcecode.c.c;
			name = cg_consolecmds.c;
			path = cgame/cg_consolecmds.c;
			refType = 4;
			sourceTree = "<group>";
		};
		F5C1264A0341580101A80169 = {
			fileEncoding = 30;
			isa = PBXFileReference;
			lastKnownFileType = sourcecode.c.c;
			name = cg_players.c;
			path = cgame/cg_players.c;
			refType = 4;
			sourceTree = "<group>";
		};
		F5C1264B0341580101A80169 = {
			fileEncoding = 30;
			isa = PBXFileReference;
			lastKnownFileType = sourcecode.c.c;
			name = cg_servercmds.c;
			path = cgame/cg_servercmds.c;
			refType = 4;
			sourceTree = "<group>";
		};
		F5C1264C0341580101A80169 = {
			fileEncoding = 30;
			isa = PBXFileReference;
			lastKnownFileType = sourcecode.c.c;
			name = fx_force.c;
			path = cgame/fx_force.c;
			refType = 4;
			sourceTree = "<group>";
		};
		F5C1264D0341580101A80169 = {
			fileEncoding = 30;
			isa = PBXFileReference;
			lastKnownFileType = sourcecode.c.c;
			name = fx_flechette.c;
			path = cgame/fx_flechette.c;
			refType = 4;
			sourceTree = "<group>";
		};
		F5C1264E0341580101A80169 = {
			fileEncoding = 30;
			isa = PBXFileReference;
			lastKnownFileType = sourcecode.c.c;
			name = fx_disruptor.c;
			path = cgame/fx_disruptor.c;
			refType = 4;
			sourceTree = "<group>";
		};
		F5C1264F0341580101A80169 = {
			fileEncoding = 30;
			isa = PBXFileReference;
			lastKnownFileType = sourcecode.c.c;
			name = fx_demp2.c;
			path = cgame/fx_demp2.c;
			refType = 4;
			sourceTree = "<group>";
		};
		F5C126500341580101A80169 = {
			fileEncoding = 30;
			isa = PBXFileReference;
			lastKnownFileType = sourcecode.c.c;
			name = fx_blaster.c;
			path = cgame/fx_blaster.c;
			refType = 4;
			sourceTree = "<group>";
		};
		F5C126510341580101A80169 = {
			fileEncoding = 30;
			isa = PBXFileReference;
			lastKnownFileType = sourcecode.c.c;
			name = cg_weapons.c;
			path = cgame/cg_weapons.c;
			refType = 4;
			sourceTree = "<group>";
		};
		F5C126520341580101A80169 = {
			fileEncoding = 30;
			isa = PBXFileReference;
			lastKnownFileType = sourcecode.c.c;
			name = cg_weaponinit.c;
			path = cgame/cg_weaponinit.c;
			refType = 4;
			sourceTree = "<group>";
		};
		F5C126530341580101A80169 = {
			fileEncoding = 30;
			isa = PBXFileReference;
			lastKnownFileType = sourcecode.c.c;
			name = cg_view.c;
			path = cgame/cg_view.c;
			refType = 4;
			sourceTree = "<group>";
		};
		F5C126540341580101A80169 = {
			fileEncoding = 30;
			isa = PBXFileReference;
			lastKnownFileType = sourcecode.c.c;
			name = fx_bryarpistol.c;
			path = cgame/fx_bryarpistol.c;
			refType = 4;
			sourceTree = "<group>";
		};
		F5C126550341580101A80169 = {
			fileEncoding = 30;
			isa = PBXFileReference;
			lastKnownFileType = sourcecode.c.c;
			name = fx_bowcaster.c;
			path = cgame/fx_bowcaster.c;
			refType = 4;
			sourceTree = "<group>";
		};
		F5C126560341580101A80169 = {
			fileEncoding = 30;
			isa = PBXFileReference;
			lastKnownFileType = sourcecode.c.c;
			name = cg_turret.c;
			path = cgame/cg_turret.c;
			refType = 4;
			sourceTree = "<group>";
		};
		F5C126580341580101A80169 = {
			fileEncoding = 30;
			isa = PBXFileReference;
			lastKnownFileType = sourcecode.c.c;
			name = fx_rocketlauncher.c;
			path = cgame/fx_rocketlauncher.c;
			refType = 4;
			sourceTree = "<group>";
		};
		F5C1265A0341580101A80169 = {
			fileEncoding = 30;
			isa = PBXFileReference;
			lastKnownFileType = sourcecode.c.c;
			name = fx_heavyrepeater.c;
			path = cgame/fx_heavyrepeater.c;
			refType = 4;
			sourceTree = "<group>";
		};
		F5C1265C0341580101A80169 = {
			fileRef = F5C126330341580101A80169;
			isa = PBXBuildFile;
			settings = {
			};
		};
		F5C1265D0341580101A80169 = {
			fileRef = F5C126340341580101A80169;
			isa = PBXBuildFile;
			settings = {
			};
		};
		F5C1265E0341580101A80169 = {
			fileRef = F5C126350341580101A80169;
			isa = PBXBuildFile;
			settings = {
			};
		};
		F5C1265F0341580101A80169 = {
			fileRef = F5C126360341580101A80169;
			isa = PBXBuildFile;
			settings = {
			};
		};
		F5C126600341580101A80169 = {
			fileRef = F5C126370341580101A80169;
			isa = PBXBuildFile;
			settings = {
			};
		};
		F5C126610341580101A80169 = {
			fileRef = F5C126380341580101A80169;
			isa = PBXBuildFile;
			settings = {
			};
		};
		F5C126630341580101A80169 = {
			fileRef = F5C1263A0341580101A80169;
			isa = PBXBuildFile;
			settings = {
			};
		};
		F5C126640341580101A80169 = {
			fileRef = F5C1263B0341580101A80169;
			isa = PBXBuildFile;
			settings = {
			};
		};
		F5C126660341580101A80169 = {
			fileRef = F5C1263D0341580101A80169;
			isa = PBXBuildFile;
			settings = {
			};
		};
		F5C126670341580101A80169 = {
			fileRef = F5C1263E0341580101A80169;
			isa = PBXBuildFile;
			settings = {
			};
		};
		F5C126680341580101A80169 = {
			fileRef = F5C1263F0341580101A80169;
			isa = PBXBuildFile;
			settings = {
			};
		};
		F5C1266B0341580101A80169 = {
			fileRef = F5C126420341580101A80169;
			isa = PBXBuildFile;
			settings = {
			};
		};
		F5C1266C0341580101A80169 = {
			fileRef = F5C126430341580101A80169;
			isa = PBXBuildFile;
			settings = {
			};
		};
		F5C1266D0341580101A80169 = {
			fileRef = F5C126440341580101A80169;
			isa = PBXBuildFile;
			settings = {
			};
		};
		F5C1266F0341580101A80169 = {
			fileRef = F5C126460341580101A80169;
			isa = PBXBuildFile;
			settings = {
			};
		};
		F5C126700341580101A80169 = {
			fileRef = F5C126470341580101A80169;
			isa = PBXBuildFile;
			settings = {
			};
		};
		F5C126710341580101A80169 = {
			fileRef = F5C126480341580101A80169;
			isa = PBXBuildFile;
			settings = {
			};
		};
		F5C126720341580101A80169 = {
			fileRef = F5C126490341580101A80169;
			isa = PBXBuildFile;
			settings = {
			};
		};
		F5C126730341580101A80169 = {
			fileRef = F5C1264A0341580101A80169;
			isa = PBXBuildFile;
			settings = {
			};
		};
		F5C126740341580101A80169 = {
			fileRef = F5C1264B0341580101A80169;
			isa = PBXBuildFile;
			settings = {
			};
		};
		F5C126750341580101A80169 = {
			fileRef = F5C1264C0341580101A80169;
			isa = PBXBuildFile;
			settings = {
			};
		};
		F5C126760341580101A80169 = {
			fileRef = F5C1264D0341580101A80169;
			isa = PBXBuildFile;
			settings = {
			};
		};
		F5C126770341580101A80169 = {
			fileRef = F5C1264E0341580101A80169;
			isa = PBXBuildFile;
			settings = {
			};
		};
		F5C126780341580101A80169 = {
			fileRef = F5C1264F0341580101A80169;
			isa = PBXBuildFile;
			settings = {
			};
		};
		F5C126790341580101A80169 = {
			fileRef = F5C126500341580101A80169;
			isa = PBXBuildFile;
			settings = {
			};
		};
		F5C1267A0341580101A80169 = {
			fileRef = F5C126510341580101A80169;
			isa = PBXBuildFile;
			settings = {
			};
		};
		F5C1267B0341580101A80169 = {
			fileRef = F5C126520341580101A80169;
			isa = PBXBuildFile;
			settings = {
			};
		};
		F5C1267C0341580101A80169 = {
			fileRef = F5C126530341580101A80169;
			isa = PBXBuildFile;
			settings = {
			};
		};
		F5C1267D0341580101A80169 = {
			fileRef = F5C126540341580101A80169;
			isa = PBXBuildFile;
			settings = {
			};
		};
		F5C1267E0341580101A80169 = {
			fileRef = F5C126550341580101A80169;
			isa = PBXBuildFile;
			settings = {
			};
		};
		F5C1267F0341580101A80169 = {
			fileRef = F5C126560341580101A80169;
			isa = PBXBuildFile;
			settings = {
			};
		};
		F5C126810341580101A80169 = {
			fileRef = F5C126580341580101A80169;
			isa = PBXBuildFile;
			settings = {
			};
		};
		F5C126830341580101A80169 = {
			fileRef = F5C1265A0341580101A80169;
			isa = PBXBuildFile;
			settings = {
			};
		};
		F5C12684034158F301A80169 = {
			children = (
				F5B88BB5066ECC2700A08EB6,
				F5B88BB3066ECC2700A08EB6,
				F5B88BB4066ECC2700A08EB6,
				F5B88BB2066ECC2700A08EB6,
				F5B88BB1066ECC2700A08EB6,
				F5C1268C0341593B01A80169,
				F5C1268B0341593B01A80169,
				F5C126890341593B01A80169,
				F5C1268A0341593B01A80169,
				F5C126880341593B01A80169,
				F5B88BBD066ECC5600A08EB6,
				F5B88BBC066ECC5600A08EB6,
				F5C126870341593B01A80169,
				F5B88BBB066ECC5600A08EB6,
				F5C126860341593B01A80169,
				F5C126950341595F01A80169,
				F5C126940341595F01A80169,
			);
			isa = PBXGroup;
			name = game;
			path = "";
			refType = 4;
			sourceTree = "<group>";
		};
		F5C126860341593B01A80169 = {
			fileEncoding = 30;
			isa = PBXFileReference;
			lastKnownFileType = sourcecode.c.c;
			name = bg_weapons.c;
			path = game/bg_weapons.c;
			refType = 4;
			sourceTree = "<group>";
		};
		F5C126870341593B01A80169 = {
			fileEncoding = 30;
			isa = PBXFileReference;
			lastKnownFileType = sourcecode.c.c;
			name = bg_slidemove.c;
			path = game/bg_slidemove.c;
			refType = 4;
			sourceTree = "<group>";
		};
		F5C126880341593B01A80169 = {
			fileEncoding = 30;
			isa = PBXFileReference;
			lastKnownFileType = sourcecode.c.c;
			name = bg_saber.c;
			path = game/bg_saber.c;
			refType = 4;
			sourceTree = "<group>";
		};
		F5C126890341593B01A80169 = {
			fileEncoding = 30;
			isa = PBXFileReference;
			lastKnownFileType = sourcecode.c.c;
			name = bg_panimate.c;
			path = game/bg_panimate.c;
			refType = 4;
			sourceTree = "<group>";
		};
		F5C1268A0341593B01A80169 = {
			fileEncoding = 30;
			isa = PBXFileReference;
			lastKnownFileType = sourcecode.c.c;
			name = bg_pmove.c;
			path = game/bg_pmove.c;
			refType = 4;
			sourceTree = "<group>";
		};
		F5C1268B0341593B01A80169 = {
			fileEncoding = 30;
			isa = PBXFileReference;
			lastKnownFileType = sourcecode.c.c;
			name = bg_misc.c;
			path = game/bg_misc.c;
			refType = 4;
			sourceTree = "<group>";
		};
		F5C1268C0341593B01A80169 = {
			fileEncoding = 30;
			isa = PBXFileReference;
			lastKnownFileType = sourcecode.c.c;
			name = bg_lib.c;
			path = game/bg_lib.c;
			refType = 4;
			sourceTree = "<group>";
		};
		F5C1268D0341593B01A80169 = {
			fileRef = F5C126860341593B01A80169;
			isa = PBXBuildFile;
			settings = {
			};
		};
		F5C1268E0341593B01A80169 = {
			fileRef = F5C126870341593B01A80169;
			isa = PBXBuildFile;
			settings = {
			};
		};
		F5C1268F0341593B01A80169 = {
			fileRef = F5C126880341593B01A80169;
			isa = PBXBuildFile;
			settings = {
			};
		};
		F5C126900341593B01A80169 = {
			fileRef = F5C126890341593B01A80169;
			isa = PBXBuildFile;
			settings = {
			};
		};
		F5C126910341593B01A80169 = {
			fileRef = F5C1268A0341593B01A80169;
			isa = PBXBuildFile;
			settings = {
			};
		};
		F5C126920341593B01A80169 = {
			fileRef = F5C1268B0341593B01A80169;
			isa = PBXBuildFile;
			settings = {
			};
		};
		F5C126930341593B01A80169 = {
			fileRef = F5C1268C0341593B01A80169;
			isa = PBXBuildFile;
			settings = {
			};
		};
		F5C126940341595F01A80169 = {
			fileEncoding = 30;
			isa = PBXFileReference;
			lastKnownFileType = sourcecode.c.c;
			name = q_shared.c;
			path = game/q_shared.c;
			refType = 4;
			sourceTree = "<group>";
		};
		F5C126950341595F01A80169 = {
			fileEncoding = 30;
			isa = PBXFileReference;
			lastKnownFileType = sourcecode.c.c;
			name = q_math.c;
			path = game/q_math.c;
			refType = 4;
			sourceTree = "<group>";
		};
		F5C126960341595F01A80169 = {
			fileRef = F5C126940341595F01A80169;
			isa = PBXBuildFile;
			settings = {
			};
		};
		F5C126970341595F01A80169 = {
			fileRef = F5C126950341595F01A80169;
			isa = PBXBuildFile;
			settings = {
			};
		};
		F5C126980341598B01A80169 = {
			children = (
				F5C126990341599F01A80169,
			);
			isa = PBXGroup;
			name = ui;
			refType = 4;
			sourceTree = "<group>";
		};
		F5C126990341599F01A80169 = {
			fileEncoding = 30;
			isa = PBXFileReference;
			lastKnownFileType = sourcecode.c.c;
			name = ui_shared.c;
			path = ui/ui_shared.c;
			refType = 4;
			sourceTree = "<group>";
		};
		F5C1269A0341599F01A80169 = {
			fileRef = F5C126990341599F01A80169;
			isa = PBXBuildFile;
			settings = {
			};
		};
		F5D461E10341868601A80169 = {
			fileRef = 0AA1909FFE8422F4C02AAC07;
			isa = PBXBuildFile;
			settings = {
			};
		};
	};
	rootObject = 089C1669FE841209C02AAC07;
}
